
Microsoft Visual Studio Solution File, Format Version 12.00
# Visual Studio 2013
VisualStudioVersion = 12.0.40629.0
MinimumVisualStudioVersion = 10.0.40219.1
Project("{2150E333-8FDC-42A3-9474-1A3956D46DE8}") = "Solution Items", "Solution Items", "{2620C6AA-0757-470D-8E15-9CC2F98A4BBC}"
	ProjectSection(SolutionItems) = preProject
		README.md = README.md
	EndProjectSection
EndProject
Project("{FAE04EC0-301F-11D3-BF4B-00C04F79EFBC}") = "PowerShellFacades", "PowerShellFacades\PowerShellFacades.csproj", "{419D548F-9E7B-4701-B0F3-9AF3DC5E0CE3}"
EndProject
Project("{FAE04EC0-301F-11D3-BF4B-00C04F79EFBC}") = "TrainingProgram", "TrainingProgram\TrainingProgram.csproj", "{F6AE04A4-F538-4415-9FA7-AF61CE996ED3}"
EndProject
Project("{FAE04EC0-301F-11D3-BF4B-00C04F79EFBC}") = "PowerShell.WebUI", "PowerShell.WebUI\PowerShell.WebUI.csproj", "{6B0526DE-A7C0-497E-949B-7ED0F3EC6756}"
EndProject
Global
	GlobalSection(SolutionConfigurationPlatforms) = preSolution
		Debug|Any CPU = Debug|Any CPU
		Release|Any CPU = Release|Any CPU
	EndGlobalSection
	GlobalSection(ProjectConfigurationPlatforms) = postSolution
		{419D548F-9E7B-4701-B0F3-9AF3DC5E0CE3}.Debug|Any CPU.ActiveCfg = Debug|Any CPU
		{419D548F-9E7B-4701-B0F3-9AF3DC5E0CE3}.Debug|Any CPU.Build.0 = Debug|Any CPU
		{419D548F-9E7B-4701-B0F3-9AF3DC5E0CE3}.Release|Any CPU.ActiveCfg = Release|Any CPU
		{419D548F-9E7B-4701-B0F3-9AF3DC5E0CE3}.Release|Any CPU.Build.0 = Release|Any CPU
		{F6AE04A4-F538-4415-9FA7-AF61CE996ED3}.Debug|Any CPU.ActiveCfg = Debug|Any CPU
		{F6AE04A4-F538-4415-9FA7-AF61CE996ED3}.Debug|Any CPU.Build.0 = Debug|Any CPU
		{F6AE04A4-F538-4415-9FA7-AF61CE996ED3}.Release|Any CPU.ActiveCfg = Release|Any CPU
		{F6AE04A4-F538-4415-9FA7-AF61CE996ED3}.Release|Any CPU.Build.0 = Release|Any CPU
		{6B0526DE-A7C0-497E-949B-7ED0F3EC6756}.Debug|Any CPU.ActiveCfg = Debug|Any CPU
		{6B0526DE-A7C0-497E-949B-7ED0F3EC6756}.Debug|Any CPU.Build.0 = Debug|Any CPU
		{6B0526DE-A7C0-497E-949B-7ED0F3EC6756}.Release|Any CPU.ActiveCfg = Release|Any CPU
		{6B0526DE-A7C0-497E-949B-7ED0F3EC6756}.Release|Any CPU.Build.0 = Release|Any CPU
	EndGlobalSection
	GlobalSection(SolutionProperties) = preSolution
		HideSolutionNode = FALSE
	EndGlobalSection
EndGlobal
